// !$*UTF8*$!
{
	archiveVersion = 1;
	classes = {
	};
	objectVersion = 46;
	objects = {

/* Begin PBXBuildFile section */
		E49D4A4A1E9DF07B0014B18E /* main.m in Sources */ = {isa = PBXBuildFile; fileRef = E49D4A491E9DF07B0014B18E /* main.m */; };
		E49D4A4D1E9DF07B0014B18E /* AppDelegate.m in Sources */ = {isa = PBXBuildFile; fileRef = E49D4A4C1E9DF07B0014B18E /* AppDelegate.m */; };
		E49D4A501E9DF07B0014B18E /* ViewController.m in Sources */ = {isa = PBXBuildFile; fileRef = E49D4A4F1E9DF07B0014B18E /* ViewController.m */; };
		E49D4A531E9DF07B0014B18E /* Main.storyboard in Resources */ = {isa = PBXBuildFile; fileRef = E49D4A511E9DF07B0014B18E /* Main.storyboard */; };
		E49D4A551E9DF07B0014B18E /* Assets.xcassets in Resources */ = {isa = PBXBuildFile; fileRef = E49D4A541E9DF07B0014B18E /* Assets.xcassets */; };
		E49D4A581E9DF07B0014B18E /* LaunchScreen.storyboard in Resources */ = {isa = PBXBuildFile; fileRef = E49D4A561E9DF07B0014B18E /* LaunchScreen.storyboard */; };
/* End PBXBuildFile section */

/* Begin PBXFileReference section */
		E49D4A451E9DF07B0014B18E /* Broadcast.app */ = {isa = PBXFileReference; explicitFileType = wrapper.application; includeInIndex = 0; path = Broadcast.app; sourceTree = BUILT_PRODUCTS_DIR; };
		E49D4A491E9DF07B0014B18E /* main.m */ = {isa = PBXFileReference; lastKnownFileType = sourcecode.c.objc; path = main.m; sourceTree = "<group>"; };
		E49D4A4B1E9DF07B0014B18E /* AppDelegate.h */ = {isa = PBXFileReference; lastKnownFileType = sourcecode.c.h; path = AppDelegate.h; sourceTree = "<group>"; };
		E49D4A4C1E9DF07B0014B18E /* AppDelegate.m */ = {isa = PBXFileReference; lastKnownFileType = sourcecode.c.objc; path = AppDelegate.m; sourceTree = "<group>"; };
		E49D4A4E1E9DF07B0014B18E /* ViewController.h */ = {isa = PBXFileReference; lastKnownFileType = sourcecode.c.h; path = ViewController.h; sourceTree = "<group>"; };
		E49D4A4F1E9DF07B0014B18E /* ViewController.m */ = {isa = PBXFileReference; lastKnownFileType = sourcecode.c.objc; path = ViewController.m; sourceTree = "<group>"; };
		E49D4A521E9DF07B0014B18E /* Base */ = {isa = PBXFileReference; lastKnownFileType = file.storyboard; name = Base; path = Base.lproj/Main.storyboard; sourceTree = "<group>"; };
		E49D4A541E9DF07B0014B18E /* Assets.xcassets */ = {isa = PBXFileReference; lastKnownFileType = folder.assetcatalog; path = Assets.xcassets; sourceTree = "<group>"; };
		E49D4A571E9DF07B0014B18E /* Base */ = {isa = PBXFileReference; lastKnownFileType = file.storyboard; name = Base; path = Base.lproj/LaunchScreen.storyboard; sourceTree = "<group>"; };
		E49D4A591E9DF07C0014B18E /* Info.plist */ = {isa = PBXFileReference; lastKnownFileType = text.plist.xml; path = Info.plist; sourceTree = "<group>"; };
/* End PBXFileReference section */

/* Begin PBXFrameworksBuildPhase section */
		E49D4A421E9DF07B0014B18E /* Frameworks */ = {
			isa = PBXFrameworksBuildPhase;
			buildActionMask = 2147483647;
			files = (
			);
			runOnlyForDeploymentPostprocessing = 0;
		};
/* End PBXFrameworksBuildPhase section */

/* Begin PBXGroup section */
		E49D4A3C1E9DF07B0014B18E = {
			isa = PBXGroup;
			children = (
				E49D4A471E9DF07B0014B18E /* Broadcast */,
				E49D4A461E9DF07B0014B18E /* Products */,
			);
			sourceTree = "<group>";
		};
		E49D4A461E9DF07B0014B18E /* Products */ = {
			isa = PBXGroup;
			children = (
				E49D4A451E9DF07B0014B18E /* Broadcast.app */,
			);
			name = Products;
			sourceTree = "<group>";
		};
		E49D4A471E9DF07B0014B18E /* Broadcast */ = {
			isa = PBXGroup;
			children = (
				E49D4A4B1E9DF07B0014B18E /* AppDelegate.h */,
				E49D4A4C1E9DF07B0014B18E /* AppDelegate.m */,
				E49D4A4E1E9DF07B0014B18E /* ViewController.h */,
				E49D4A4F1E9DF07B0014B18E /* ViewController.m */,
				E49D4A511E9DF07B0014B18E /* Main.storyboard */,
				E49D4A541E9DF07B0014B18E /* Assets.xcassets */,
				E49D4A561E9DF07B0014B18E /* LaunchScreen.storyboard */,
				E49D4A591E9DF07C0014B18E /* Info.plist */,
				E49D4A481E9DF07B0014B18E /* Supporting Files */,
			);
			path = Broadcast;
			sourceTree = "<group>";
		};
		E49D4A481E9DF07B0014B18E /* Supporting Files */ = {
			isa = PBXGroup;
			children = (
				E49D4A491E9DF07B0014B18E /* main.m */,
			);
			name = "Supporting Files";
			sourceTree = "<group>";
		};
/* End PBXGroup section */

/* Begin PBXNativeTarget section */
		E49D4A441E9DF07B0014B18E /* Broadcast */ = {
			isa = PBXNativeTarget;
			buildConfigurationList = E49D4A5C1E9DF07C0014B18E /* Build configuration list for PBXNativeTarget "Broadcast" */;
			buildPhases = (
				E49D4A411E9DF07B0014B18E /* Sources */,
				E49D4A421E9DF07B0014B18E /* Frameworks */,
				E49D4A431E9DF07B0014B18E /* Resources */,
			);
			buildRules = (
			);
			dependencies = (
			);
			name = Broadcast;
			productName = Broadcast;
			productReference = E49D4A451E9DF07B0014B18E /* Broadcast.app */;
			productType = "com.apple.product-type.application";
		};
/* End PBXNativeTarget section */

/* Begin PBXProject section */
		E49D4A3D1E9DF07B0014B18E /* Project object */ = {
			isa = PBXProject;
			attributes = {
				LastUpgradeCheck = 0820;
				ORGANIZATIONNAME = songge;
				TargetAttributes = {
					E49D4A441E9DF07B0014B18E = {
						CreatedOnToolsVersion = 8.2.1;
						ProvisioningStyle = Automatic;
					};
				};
			};
			buildConfigurationList = E49D4A401E9DF07B0014B18E /* Build configuration list for PBXProject "Broadcast" */;
			compatibilityVersion = "Xcode 3.2";
			developmentRegion = English;
			hasScannedForEncodings = 0;
			knownRegions = (
				en,
				Base,
			);
			mainGroup = E49D4A3C1E9DF07B0014B18E;
			productRefGroup = E49D4A461E9DF07B0014B18E /* Products */;
			projectDirPath = "";
			projectRoot = "";
			targets = (
				E49D4A441E9DF07B0014B18E /* Broadcast */,
			);
		};
/* End PBXProject section */

/* Begin PBXResourcesBuildPhase section */
		E49D4A431E9DF07B0014B18E /* Resources */ = {
			isa = PBXResourcesBuildPhase;
			buildActionMask = 2147483647;
			files = (
				E49D4A581E9DF07B0014B18E /* LaunchScreen.storyboard in Resources */,
				E49D4A551E9DF07B0014B18E /* Assets.xcassets in Resources */,
				E49D4A531E9DF07B0014B18E /* Main.storyboard in Resources */,
			);
			runOnlyForDeploymentPostprocessing = 0;
		};
/* End PBXResourcesBuildPhase section */

/* Begin PBXSourcesBuildPhase section */
		E49D4A411E9DF07B0014B18E /* Sources */ = {
			isa = PBXSourcesBuildPhase;
			buildActionMask = 2147483647;
			files = (
				E49D4A501E9DF07B0014B18E /* ViewController.m in Sources */,
				E49D4A4D1E9DF07B0014B18E /* AppDelegate.m in Sources */,
				E49D4A4A1E9DF07B0014B18E /* main.m in Sources */,
			);
			runOnlyForDeploymentPostprocessing = 0;
		};
/* End PBXSourcesBuildPhase section */

/* Begin PBXVariantGroup section */
		E49D4A511E9DF07B0014B18E /* Main.storyboard */ = {
			isa = PBXVariantGroup;
			children = (
				E49D4A521E9DF07B0014B18E /* Base */,
			);
			name = Main.storyboard;
			sourceTree = "<group>";
		};
		E49D4A561E9DF07B0014B18E /* LaunchScreen.storyboard */ = {
			isa = PBXVariantGroup;
			children = (
				E49D4A571E9DF07B0014B18E /* Base */,
			);
			name = LaunchScreen.storyboard;
			sourceTree = "<group>";
		};
/* End PBXVariantGroup section */

/* Begin XCBuildConfiguration section */
		E49D4A5A1E9DF07C0014B18E /* Debug */ = {
			isa = XCBuildConfiguration;
			buildSettings = {
				ALWAYS_SEARCH_USER_PATHS = NO;
				CLANG_ANALYZER_NONNULL = YES;
				CLANG_CXX_LANGUAGE_STANDARD = "gnu++0x";
				CLANG_CXX_LIBRARY = "libc++";
				CLANG_ENABLE_MODULES = YES;
				CLANG_ENABLE_OBJC_ARC = YES;
				CLANG_WARN_BOOL_CONVERSION = YES;
				CLANG_WARN_CONSTANT_CONVERSION = YES;
				CLANG_WARN_DIRECT_OBJC_ISA_USAGE = YES_ERROR;
				CLANG_WARN_DOCUMENTATION_COMMENTS = YES;
				CLANG_WARN_EMPTY_BODY = YES;
				CLANG_WARN_ENUM_CONVERSION = YES;
				CLANG_WARN_INFINITE_RECURSION = YES;
				CLANG_WARN_INT_CONVERSION = YES;
				CLANG_WARN_OBJC_ROOT_CLASS = YES_ERROR;
				CLANG_WARN_SUSPICIOUS_MOVE = YES;
				CLANG_WARN_UNREACHABLE_CODE = YES;
				CLANG_WARN__DUPLICATE_METHOD_MATCH = YES;
				"CODE_SIGN_IDENTITY[sdk=iphoneos*]" = "iPhone Developer";
				COPY_PHASE_STRIP = NO;
				DEBUG_INFORMATION_FORMAT = dwarf;
				ENABLE_STRICT_OBJC_MSGSEND = YES;
				ENABLE_TESTABILITY = YES;
				GCC_C_LANGUAGE_STANDARD = gnu99;
				GCC_DYNAMIC_NO_PIC = NO;
				GCC_NO_COMMON_BLOCKS = YES;
				GCC_OPTIMIZATION_LEVEL = 0;
				GCC_PREPROCESSOR_DEFINITIONS = (
					"DEBUG=1",
					"$(inherited)",
				);
				GCC_WARN_64_TO_32_BIT_CONVERSION = YES;
				GCC_WARN_ABOUT_RETURN_TYPE = YES_ERROR;
				GCC_WARN_UNDECLARED_SELECTOR = YES;
				GCC_WARN_UNINITIALIZED_AUTOS = YES_AGGRESSIVE;
				GCC_WARN_UNUSED_FUNCTION = YES;
				GCC_WARN_UNUSED_VARIABLE = YES;
				IPHONEOS_DEPLOYMENT_TARGET = 10.2;
				MTL_ENABLE_DEBUG_INFO = YES;
				ONLY_ACTIVE_ARCH = YES;
				SDKROOT = iphoneos;
			};
			name = Debug;
		};
		E49D4A5B1E9DF07C0014B18E /* Release */ = {
			isa = XCBuildConfiguration;
			buildSettings = {
				ALWAYS_SEARCH_USER_PATHS = NO;
				CLANG_ANALYZER_NONNULL = YES;
				CLANG_CXX_LANGUAGE_STANDARD = "gnu++0x";
				CLANG_CXX_LIBRARY = "libc++";
				CLANG_ENABLE_MODULES = YES;
				CLANG_ENABLE_OBJC_ARC = YES;
				CLANG_WARN_BOOL_CONVERSION = YES;
				CLANG_WARN_CONSTANT_CONVERSION = YES;
				CLANG_WARN_DIRECT_OBJC_ISA_USAGE = YES_ERROR;
				CLANG_WARN_DOCUMENTATION_COMMENTS = YES;
				CLANG_WARN_EMPTY_BODY = YES;
				CLANG_WARN_ENUM_CONVERSION = YES;
				CLANG_WARN_INFINITE_RECURSION = YES;
				CLANG_WARN_INT_CONVERSION = YES;
				CLANG_WARN_OBJC_ROOT_CLASS = YES_ERROR;
				CLANG_WARN_SUSPICIOUS_MOVE = YES;
				CLANG_WARN_UNREACHABLE_CODE = YES;
				CLANG_WARN__DUPLICATE_METHOD_MATCH = YES;
				"CODE_SIGN_IDENTITY[sdk=iphoneos*]" = "iPhone Developer";
				COPY_PHASE_STRIP = NO;
				DEBUG_INFORMATION_FORMAT = "dwarf-with-dsym";
				ENABLE_NS_ASSERTIONS = NO;
				ENABLE_STRICT_OBJC_MSGSEND = YES;
				GCC_C_LANGUAGE_STANDARD = gnu99;
				GCC_NO_COMMON_BLOCKS = YES;
				GCC_WARN_64_TO_32_BIT_CONVERSION = YES;
				GCC_WARN_ABOUT_RETURN_TYPE = YES_ERROR;
				GCC_WARN_UNDECLARED_SELECTOR = YES;
				GCC_WARN_UNINITIALIZED_AUTOS = YES_AGGRESSIVE;
				GCC_WARN_UNUSED_FUNCTION = YES;
				GCC_WARN_UNUSED_VARIABLE = YES;
				IPHONEOS_DEPLOYMENT_TARGET = 10.2;
				MTL_ENABLE_DEBUG_INFO = NO;
				SDKROOT = iphoneos;
				VALIDATE_PRODUCT = YES;
			};
			name = Release;
		};
		E49D4A5D1E9DF07C0014B18E /* Debug */ = {
			isa = XCBuildConfiguration;
			buildSettings = {
				ASSETCATALOG_COMPILER_APPICON_NAME = AppIcon;
				INFOPLIST_FILE = Broadcast/Info.plist;
				LD_RUNPATH_SEARCH_PATHS = "$(inherited) @executable_path/Frameworks";
				PRODUCT_BUNDLE_IDENTIFIER = com.song.Broadcast;
				PRODUCT_NAME = "$(TARGET_NAME)";
			};
			name = Debug;
		};
		E49D4A5E1E9DF07C0014B18E /* Release */ = {
			isa = XCBuildConfiguration;
			buildSettings = {
				ASSETCATALOG_COMPILER_APPICON_NAME = AppIcon;
				INFOPLIST_FILE = Broadcast/Info.plist;
				LD_RUNPATH_SEARCH_PATHS = "$(inherited) @executable_path/Frameworks";
				PRODUCT_BUNDLE_IDENTIFIER = com.song.Broadcast;
				PRODUCT_NAME = "$(TARGET_NAME)";
			};
			name = Release;
		};
/* End XCBuildConfiguration section */

/* Begin XCConfigurationList section */
		E49D4A401E9DF07B0014B18E /* Build configuration list for PBXProject "Broadcast" */ = {
			isa = XCConfigurationList;
			buildConfigurations = (
				E49D4A5A1E9DF07C0014B18E /* Debug */,
				E49D4A5B1E9DF07C0014B18E /* Release */,
			);
			defaultConfigurationIsVisible = 0;
			defaultConfigurationName = Release;
		};
		E49D4A5C1E9DF07C0014B18E /* Build configuration list for PBXNativeTarget "Broadcast" */ = {
			isa = XCConfigurationList;
			buildConfigurations = (
				E49D4A5D1E9DF07C0014B18E /* Debug */,
				E49D4A5E1E9DF07C0014B18E /* Release */,
			);
			defaultConfigurationIsVisible = 0;
		};
/* End XCConfigurationList section */
	};
	rootObject = E49D4A3D1E9DF07B0014B18E /* Project object */;
}
